// !$*UTF8*$!
{
	archiveVersion = 1;
	classes = {
	};
	objectVersion = 46;
	objects = {

/* Begin PBXBuildFile section */
		427CB2501E4447CC0085AE42 /* Helper.swift in Sources */ = {isa = PBXBuildFile; fileRef = 427CB24E1E4447CC0085AE42 /* Helper.swift */; };
		427CB2511E4447CC0085AE42 /* Operators.swift in Sources */ = {isa = PBXBuildFile; fileRef = 427CB24F1E4447CC0085AE42 /* Operators.swift */; };
		427CB2541E444A320085AE42 /* SQL.swift in Sources */ = {isa = PBXBuildFile; fileRef = 427CB2531E444A320085AE42 /* SQL.swift */; };
		42A87EC81D8591D400258522 /* main.swift in Sources */ = {isa = PBXBuildFile; fileRef = 42A87EC71D8591D400258522 /* main.swift */; };
		42A87EDD1D85921E00258522 /* SQLStmt.swift in Sources */ = {isa = PBXBuildFile; fileRef = 42A87ED61D85921E00258522 /* SQLStmt.swift */; };
/* End PBXBuildFile section */

/* Begin PBXCopyFilesBuildPhase section */
		42A87EC21D8591D300258522 /* CopyFiles */ = {
			isa = PBXCopyFilesBuildPhase;
			buildActionMask = 2147483647;
			dstPath = /usr/share/man/man1/;
			dstSubfolderSpec = 0;
			files = (
			);
			runOnlyForDeploymentPostprocessing = 1;
		};
/* End PBXCopyFilesBuildPhase section */

/* Begin PBXFileReference section */
		427CB24E1E4447CC0085AE42 /* Helper.swift */ = {isa = PBXFileReference; fileEncoding = 4; lastKnownFileType = sourcecode.swift; path = Helper.swift; sourceTree = "<group>"; };
		427CB24F1E4447CC0085AE42 /* Operators.swift */ = {isa = PBXFileReference; fileEncoding = 4; lastKnownFileType = sourcecode.swift; path = Operators.swift; sourceTree = "<group>"; };
		427CB2531E444A320085AE42 /* SQL.swift */ = {isa = PBXFileReference; fileEncoding = 4; lastKnownFileType = sourcecode.swift; path = SQL.swift; sourceTree = "<group>"; };
		42A87EC41D8591D400258522 /* SQLighter */ = {isa = PBXFileReference; explicitFileType = "compiled.mach-o.executable"; includeInIndex = 0; path = SQLighter; sourceTree = BUILT_PRODUCTS_DIR; };
		42A87EC71D8591D400258522 /* main.swift */ = {isa = PBXFileReference; lastKnownFileType = sourcecode.swift; path = main.swift; sourceTree = "<group>"; };
		42A87ED61D85921E00258522 /* SQLStmt.swift */ = {isa = PBXFileReference; fileEncoding = 4; lastKnownFileType = sourcecode.swift; path = SQLStmt.swift; sourceTree = "<group>"; };
/* End PBXFileReference section */

/* Begin PBXFrameworksBuildPhase section */
		42A87EC11D8591D300258522 /* Frameworks */ = {
			isa = PBXFrameworksBuildPhase;
			buildActionMask = 2147483647;
			files = (
			);
			runOnlyForDeploymentPostprocessing = 0;
		};
/* End PBXFrameworksBuildPhase section */

/* Begin PBXGroup section */
		427CB2521E44497A0085AE42 /* ContextSenstive */ = {
			isa = PBXGroup;
			children = (
				427CB2531E444A320085AE42 /* SQL.swift */,
			);
			path = ContextSenstive;
			sourceTree = "<group>";
		};
		42A87EBB1D8591D300258522 = {
			isa = PBXGroup;
			children = (
				42A87EC61D8591D400258522 /* SQLighter */,
				42A87EC51D8591D400258522 /* Products */,
			);
			sourceTree = "<group>";
		};
		42A87EC51D8591D400258522 /* Products */ = {
			isa = PBXGroup;
			children = (
				42A87EC41D8591D400258522 /* SQLighter */,
			);
			name = Products;
			sourceTree = "<group>";
		};
		42A87EC61D8591D400258522 /* SQLighter */ = {
			isa = PBXGroup;
			children = (
				42A87ECE1D85920F00258522 /* Sources */,
				42A87EC71D8591D400258522 /* main.swift */,
			);
			path = SQLighter;
			sourceTree = "<group>";
		};
		42A87ECE1D85920F00258522 /* Sources */ = {
			isa = PBXGroup;
			children = (
				427CB24E1E4447CC0085AE42 /* Helper.swift */,
				427CB24F1E4447CC0085AE42 /* Operators.swift */,
				42A87ED61D85921E00258522 /* SQLStmt.swift */,
				427CB2521E44497A0085AE42 /* ContextSenstive */,
			);
			name = Sources;
			sourceTree = "<group>";
		};
/* End PBXGroup section */

/* Begin PBXNativeTarget section */
		42A87EC31D8591D300258522 /* SQLighter */ = {
			isa = PBXNativeTarget;
			buildConfigurationList = 42A87ECB1D8591D400258522 /* Build configuration list for PBXNativeTarget "SQLighter" */;
			buildPhases = (
				42A87EC01D8591D300258522 /* Sources */,
				42A87EC11D8591D300258522 /* Frameworks */,
				42A87EC21D8591D300258522 /* CopyFiles */,
			);
			buildRules = (
			);
			dependencies = (
			);
			name = SQLighter;
			productName = SQLighter;
			productReference = 42A87EC41D8591D400258522 /* SQLighter */;
			productType = "com.apple.product-type.tool";
		};
/* End PBXNativeTarget section */

/* Begin PBXProject section */
		42A87EBC1D8591D300258522 /* Project object */ = {
			isa = PBXProject;
			attributes = {
				LastSwiftUpdateCheck = 0730;
				LastUpgradeCheck = 0820;
				ORGANIZATIONNAME = "Dean Xu Lab";
				TargetAttributes = {
					42A87EC31D8591D300258522 = {
						CreatedOnToolsVersion = 7.3;
						LastSwiftMigration = 0820;
					};
				};
			};
			buildConfigurationList = 42A87EBF1D8591D300258522 /* Build configuration list for PBXProject "SQLighter" */;
			compatibilityVersion = "Xcode 3.2";
			developmentRegion = English;
			hasScannedForEncodings = 0;
			knownRegions = (
				en,
			);
			mainGroup = 42A87EBB1D8591D300258522;
			productRefGroup = 42A87EC51D8591D400258522 /* Products */;
			projectDirPath = "";
			projectRoot = "";
			targets = (
				42A87EC31D8591D300258522 /* SQLighter */,
			);
		};
/* End PBXProject section */

/* Begin PBXSourcesBuildPhase section */
		42A87EC01D8591D300258522 /* Sources */ = {
			isa = PBXSourcesBuildPhase;
			buildActionMask = 2147483647;
			files = (
				42A87EDD1D85921E00258522 /* SQLStmt.swift in Sources */,
				427CB2541E444A320085AE42 /* SQL.swift in Sources */,
				427CB2511E4447CC0085AE42 /* Operators.swift in Sources */,
				42A87EC81D8591D400258522 /* main.swift in Sources */,
				427CB2501E4447CC0085AE42 /* Helper.swift in Sources */,
			);
			runOnlyForDeploymentPostprocessing = 0;
		};
/* End PBXSourcesBuildPhase section */

/* Begin XCBuildConfiguration section */
		42A87EC91D8591D400258522 /* Debug */ = {
			isa = XCBuildConfiguration;
			buildSettings = {
				ALWAYS_SEARCH_USER_PATHS = NO;
				CLANG_ANALYZER_NONNULL = YES;
				CLANG_CXX_LANGUAGE_STANDARD = "gnu++0x";
				CLANG_CXX_LIBRARY = "libc++";
				CLANG_ENABLE_MODULES = YES;
				CLANG_ENABLE_OBJC_ARC = YES;
				CLANG_WARN_BOOL_CONVERSION = YES;
				CLANG_WARN_CONSTANT_CONVERSION = YES;
				CLANG_WARN_DIRECT_OBJC_ISA_USAGE = YES_ERROR;
				CLANG_WARN_EMPTY_BODY = YES;
				CLANG_WARN_ENUM_CONVERSION = YES;
				CLANG_WARN_INFINITE_RECURSION = YES;
				CLANG_WARN_INT_CONVERSION = YES;
				CLANG_WARN_OBJC_ROOT_CLASS = YES_ERROR;
				CLANG_WARN_SUSPICIOUS_MOVE = YES;
				CLANG_WARN_UNREACHABLE_CODE = YES;
				CLANG_WARN__DUPLICATE_METHOD_MATCH = YES;
				CODE_SIGN_IDENTITY = "-";
				COPY_PHASE_STRIP = NO;
				DEBUG_INFORMATION_FORMAT = dwarf;
				ENABLE_STRICT_OBJC_MSGSEND = YES;
				ENABLE_TESTABILITY = YES;
				GCC_C_LANGUAGE_STANDARD = gnu99;
				GCC_DYNAMIC_NO_PIC = NO;
				GCC_NO_COMMON_BLOCKS = YES;
				GCC_OPTIMIZATION_LEVEL = 0;
				GCC_PREPROCESSOR_DEFINITIONS = (
					"DEBUG=1",
					"$(inherited)",
				);
				GCC_WARN_64_TO_32_BIT_CONVERSION = YES;
				GCC_WARN_ABOUT_RETURN_TYPE = YES_ERROR;
				GCC_WARN_UNDECLARED_SELECTOR = YES;
				GCC_WARN_UNINITIALIZED_AUTOS = YES_AGGRESSIVE;
				GCC_WARN_UNUSED_FUNCTION = YES;
				GCC_WARN_UNUSED_VARIABLE = YES;
				MACOSX_DEPLOYMENT_TARGET = 10.11;
				MTL_ENABLE_DEBUG_INFO = YES;
				ONLY_ACTIVE_ARCH = YES;
				SDKROOT = macosx;
				SWIFT_OPTIMIZATION_LEVEL = "-Onone";
			};
			name = Debug;
		};
		42A87ECA1D8591D400258522 /* Release */ = {
			isa = XCBuildConfiguration;
			buildSettings = {
				ALWAYS_SEARCH_USER_PATHS = NO;
				CLANG_ANALYZER_NONNULL = YES;
				CLANG_CXX_LANGUAGE_STANDARD = "gnu++0x";
				CLANG_CXX_LIBRARY = "libc++";
				CLANG_ENABLE_MODULES = YES;
				CLANG_ENABLE_OBJC_ARC = YES;
				CLANG_WARN_BOOL_CONVERSION = YES;
				CLANG_WARN_CONSTANT_CONVERSION = YES;
				CLANG_WARN_DIRECT_OBJC_ISA_USAGE = YES_ERROR;
				CLANG_WARN_EMPTY_BODY = YES;
				CLANG_WARN_ENUM_CONVERSION = YES;
				CLANG_WARN_INFINITE_RECURSION = YES;
				CLANG_WARN_INT_CONVERSION = YES;
				CLANG_WARN_OBJC_ROOT_CLASS = YES_ERROR;
				CLANG_WARN_SUSPICIOUS_MOVE = YES;
				CLANG_WARN_UNREACHABLE_CODE = YES;
				CLANG_WARN__DUPLICATE_METHOD_MATCH = YES;
				CODE_SIGN_IDENTITY = "-";
				COPY_PHASE_STRIP = NO;
				DEBUG_INFORMATION_FORMAT = "dwarf-with-dsym";
				ENABLE_NS_ASSERTIONS = NO;
				ENABLE_STRICT_OBJC_MSGSEND = YES;
				GCC_C_LANGUAGE_STANDARD = gnu99;
				GCC_NO_COMMON_BLOCKS = YES;
				GCC_WARN_64_TO_32_BIT_CONVERSION = YES;
				GCC_WARN_ABOUT_RETURN_TYPE = YES_ERROR;
				GCC_WARN_UNDECLARED_SELECTOR = YES;
				GCC_WARN_UNINITIALIZED_AUTOS = YES_AGGRESSIVE;
				GCC_WARN_UNUSED_FUNCTION = YES;
				GCC_WARN_UNUSED_VARIABLE = YES;
				MACOSX_DEPLOYMENT_TARGET = 10.11;
				MTL_ENABLE_DEBUG_INFO = NO;
				SDKROOT = macosx;
				SWIFT_OPTIMIZATION_LEVEL = "-Owholemodule";
			};
			name = Release;
		};
		42A87ECC1D8591D400258522 /* Debug */ = {
			isa = XCBuildConfiguration;
			buildSettings = {
				PRODUCT_NAME = "$(TARGET_NAME)";
				SWIFT_VERSION = 3.0;
			};
			name = Debug;
		};
		42A87ECD1D8591D400258522 /* Release */ = {
			isa = XCBuildConfiguration;
			buildSettings = {
				PRODUCT_NAME = "$(TARGET_NAME)";
				SWIFT_VERSION = 3.0;
			};
			name = Release;
		};
/* End XCBuildConfiguration section */

/* Begin XCConfigurationList section */
		42A87EBF1D8591D300258522 /* Build configuration list for PBXProject "SQLighter" */ = {
			isa = XCConfigurationList;
			buildConfigurations = (
				42A87EC91D8591D400258522 /* Debug */,
				42A87ECA1D8591D400258522 /* Release */,
			);
			defaultConfigurationIsVisible = 0;
			defaultConfigurationName = Release;
		};
		42A87ECB1D8591D400258522 /* Build configuration list for PBXNativeTarget "SQLighter" */ = {
			isa = XCConfigurationList;
			buildConfigurations = (
				42A87ECC1D8591D400258522 /* Debug */,
				42A87ECD1D8591D400258522 /* Release */,
			);
			defaultConfigurationIsVisible = 0;
			defaultConfigurationName = Release;
		};
/* End XCConfigurationList section */
	};
	rootObject = 42A87EBC1D8591D300258522 /* Project object */;
}
